
Microsoft Visual Studio Solution File, Format Version 12.00
# Visual Studio Version 17
VisualStudioVersion = 17.0.31903.59
MinimumVisualStudioVersion = 10.0.40219.1
Project("{FAE04EC0-301F-11D3-BF4B-00C04F79EFBC}") = "MyApp", "MyApp\MyApp.csproj", "{A3238025-A535-47F1-9B17-53AAE808ECF8}"
EndProject
Project("{FAE04EC0-301F-11D3-BF4B-00C04F79EFBC}") = "Domain", "Domain\Domain.csproj", "{28626FE4-D235-43D4-8AB5-8C54783756EA}"
EndProject
Project("{FAE04EC0-301F-11D3-BF4B-00C04F79EFBC}") = "Infrastructure", "Infrastructure\Infrastructure.csproj", "{3C8CDEA1-0B4A-48CF-B920-7BCB42CD7215}"
EndProject
Global
	GlobalSection(SolutionConfigurationPlatforms) = preSolution
		Debug|Any CPU = Debug|Any CPU
		Debug|x64 = Debug|x64
		Debug|x86 = Debug|x86
		Release|Any CPU = Release|Any CPU
		Release|x64 = Release|x64
		Release|x86 = Release|x86
	EndGlobalSection
	GlobalSection(ProjectConfigurationPlatforms) = postSolution
		{A3238025-A535-47F1-9B17-53AAE808ECF8}.Debug|Any CPU.ActiveCfg = Debug|Any CPU
		{A3238025-A535-47F1-9B17-53AAE808ECF8}.Debug|Any CPU.Build.0 = Debug|Any CPU
		{A3238025-A535-47F1-9B17-53AAE808ECF8}.Debug|x64.ActiveCfg = Debug|Any CPU
		{A3238025-A535-47F1-9B17-53AAE808ECF8}.Debug|x64.Build.0 = Debug|Any CPU
		{A3238025-A535-47F1-9B17-53AAE808ECF8}.Debug|x86.ActiveCfg = Debug|Any CPU
		{A3238025-A535-47F1-9B17-53AAE808ECF8}.Debug|x86.Build.0 = Debug|Any CPU
		{A3238025-A535-47F1-9B17-53AAE808ECF8}.Release|Any CPU.ActiveCfg = Release|Any CPU
		{A3238025-A535-47F1-9B17-53AAE808ECF8}.Release|Any CPU.Build.0 = Release|Any CPU
		{A3238025-A535-47F1-9B17-53AAE808ECF8}.Release|x64.ActiveCfg = Release|Any CPU
		{A3238025-A535-47F1-9B17-53AAE808ECF8}.Release|x64.Build.0 = Release|Any CPU
		{A3238025-A535-47F1-9B17-53AAE808ECF8}.Release|x86.ActiveCfg = Release|Any CPU
		{A3238025-A535-47F1-9B17-53AAE808ECF8}.Release|x86.Build.0 = Release|Any CPU
		{28626FE4-D235-43D4-8AB5-8C54783756EA}.Debug|Any CPU.ActiveCfg = Debug|Any CPU
		{28626FE4-D235-43D4-8AB5-8C54783756EA}.Debug|Any CPU.Build.0 = Debug|Any CPU
		{28626FE4-D235-43D4-8AB5-8C54783756EA}.Debug|x64.ActiveCfg = Debug|Any CPU
		{28626FE4-D235-43D4-8AB5-8C54783756EA}.Debug|x64.Build.0 = Debug|Any CPU
		{28626FE4-D235-43D4-8AB5-8C54783756EA}.Debug|x86.ActiveCfg = Debug|Any CPU
		{28626FE4-D235-43D4-8AB5-8C54783756EA}.Debug|x86.Build.0 = Debug|Any CPU
		{28626FE4-D235-43D4-8AB5-8C54783756EA}.Release|Any CPU.ActiveCfg = Release|Any CPU
		{28626FE4-D235-43D4-8AB5-8C54783756EA}.Release|Any CPU.Build.0 = Release|Any CPU
		{28626FE4-D235-43D4-8AB5-8C54783756EA}.Release|x64.ActiveCfg = Release|Any CPU
		{28626FE4-D235-43D4-8AB5-8C54783756EA}.Release|x64.Build.0 = Release|Any CPU
		{28626FE4-D235-43D4-8AB5-8C54783756EA}.Release|x86.ActiveCfg = Release|Any CPU
		{28626FE4-D235-43D4-8AB5-8C54783756EA}.Release|x86.Build.0 = Release|Any CPU
		{3C8CDEA1-0B4A-48CF-B920-7BCB42CD7215}.Debug|Any CPU.ActiveCfg = Debug|Any CPU
		{3C8CDEA1-0B4A-48CF-B920-7BCB42CD7215}.Debug|Any CPU.Build.0 = Debug|Any CPU
		{3C8CDEA1-0B4A-48CF-B920-7BCB42CD7215}.Debug|x64.ActiveCfg = Debug|Any CPU
		{3C8CDEA1-0B4A-48CF-B920-7BCB42CD7215}.Debug|x64.Build.0 = Debug|Any CPU
		{3C8CDEA1-0B4A-48CF-B920-7BCB42CD7215}.Debug|x86.ActiveCfg = Debug|Any CPU
		{3C8CDEA1-0B4A-48CF-B920-7BCB42CD7215}.Debug|x86.Build.0 = Debug|Any CPU
		{3C8CDEA1-0B4A-48CF-B920-7BCB42CD7215}.Release|Any CPU.ActiveCfg = Release|Any CPU
		{3C8CDEA1-0B4A-48CF-B920-7BCB42CD7215}.Release|Any CPU.Build.0 = Release|Any CPU
		{3C8CDEA1-0B4A-48CF-B920-7BCB42CD7215}.Release|x64.ActiveCfg = Release|Any CPU
		{3C8CDEA1-0B4A-48CF-B920-7BCB42CD7215}.Release|x64.Build.0 = Release|Any CPU
		{3C8CDEA1-0B4A-48CF-B920-7BCB42CD7215}.Release|x86.ActiveCfg = Release|Any CPU
		{3C8CDEA1-0B4A-48CF-B920-7BCB42CD7215}.Release|x86.Build.0 = Release|Any CPU
	EndGlobalSection
	GlobalSection(SolutionProperties) = preSolution
		HideSolutionNode = FALSE
	EndGlobalSection
EndGlobal
